
Microsoft Visual Studio Solution File, Format Version 12.00
# Visual Studio Version 17
VisualStudioVersion = 17.6.33723.286
MinimumVisualStudioVersion = 10.0.40219.1
Project("{9A19103F-16F7-4668-BE54-9A1E7A4F7556}") = "Hobbies", "Hobbies.csproj", "{A9324D27-C1D1-4E35-946C-17AB8C493775}"
EndProject
Global
	GlobalSection(SolutionConfigurationPlatforms) = preSolution
		Debug|Any CPU = Debug|Any CPU
		Release|Any CPU = Release|Any CPU
	EndGlobalSection
	GlobalSection(ProjectConfigurationPlatforms) = postSolution
		{A9324D27-C1D1-4E35-946C-17AB8C493775}.Debug|Any CPU.ActiveCfg = Debug|Any CPU
		{A9324D27-C1D1-4E35-946C-17AB8C493775}.Debug|Any CPU.Build.0 = Debug|Any CPU
		{A9324D27-C1D1-4E35-946C-17AB8C493775}.Release|Any CPU.ActiveCfg = Release|Any CPU
		{A9324D27-C1D1-4E35-946C-17AB8C493775}.Release|Any CPU.Build.0 = Release|Any CPU
	EndGlobalSection
	GlobalSection(SolutionProperties) = preSolution
		HideSolutionNode = FALSE
	EndGlobalSection
	GlobalSection(ExtensibilityGlobals) = postSolution
		SolutionGuid = {B26D74DF-801C-4DE2-AB24-570F168CEE8B}
	EndGlobalSection
EndGlobal
